
Microsoft Visual Studio Solution File, Format Version 12.00
# Visual Studio Version 17
VisualStudioVersion = 17.5.33414.496
MinimumVisualStudioVersion = 10.0.40219.1
Project("{8BC9CEB8-8B4A-11D0-8D11-00A0C91BC942}") = "HelloWorld", "HelloWorld\HelloWorld.vcxproj", "{81026C86-6F84-4065-87D6-0C42C8B778BD}"
EndProject
Project("{8BC9CEB8-8B4A-11D0-8D11-00A0C91BC942}") = "Nim", "Nim\Nim.vcxproj", "{DC3AF6F5-0037-4F71-BF0B-A0FDA020356E}"
EndProject
Project("{8BC9CEB8-8B4A-11D0-8D11-00A0C91BC942}") = "String With All Letters", "String With All Letters\String With All Letters.vcxproj", "{A772FEF5-CB0B-411B-9B72-FED9EF2D7AAD}"
EndProject
Project("{8BC9CEB8-8B4A-11D0-8D11-00A0C91BC942}") = "Age Classwork", "Age Classwork\Age Classwork.vcxproj", "{4132BF10-68B8-4D32-88FB-A5D51503F972}"
EndProject
Project("{8BC9CEB8-8B4A-11D0-8D11-00A0C91BC942}") = "Character", "Character\Character.vcxproj", "{C9C4A4E7-ADAC-4264-A8CB-AE9753FFDCDA}"
EndProject
Project("{8BC9CEB8-8B4A-11D0-8D11-00A0C91BC942}") = "Time", "Time\Time.vcxproj", "{85FB05A3-6122-4A69-9582-D8ED2B22E943}"
EndProject
Project("{8BC9CEB8-8B4A-11D0-8D11-00A0C91BC942}") = "Vector-Struct", "Vector-Struct\Vector-Struct.vcxproj", "{A70D94E9-8A55-4A11-8F44-EF9FE63DBCE8}"
EndProject
Project("{8BC9CEB8-8B4A-11D0-8D11-00A0C91BC942}") = "Multiple Structs", "Multiple Structs\Multiple Structs.vcxproj", "{FB57FBFA-EE60-46AC-B35A-525A39E87957}"
EndProject
Project("{8BC9CEB8-8B4A-11D0-8D11-00A0C91BC942}") = "Pointer Magic", "Pointer Magic\Pointer Magic.vcxproj", "{F2EE6AEC-36DF-42CF-913B-7D083C8D6530}"
EndProject
Project("{8BC9CEB8-8B4A-11D0-8D11-00A0C91BC942}") = "Employee's", "Employee's\Employee's.vcxproj", "{24F60A31-3165-40AF-A1B2-73C239C92C27}"
EndProject
Project("{8BC9CEB8-8B4A-11D0-8D11-00A0C91BC942}") = "16-Pointer Swap Functions", "Pointer Swap Functions\Pointer Swap Functions.vcxproj", "{639BD701-1354-478F-BD6D-6BF540AC6F80}"
EndProject
Project("{8BC9CEB8-8B4A-11D0-8D11-00A0C91BC942}") = "TicTacToe", "TicTacToe\TicTacToe.vcxproj", "{ADE95FDD-48C7-40C1-AA8E-0494AEFB6795}"
EndProject
Project("{8BC9CEB8-8B4A-11D0-8D11-00A0C91BC942}") = "14-Average", "Average\Average.vcxproj", "{55684F52-CC9C-433C-B86E-1F7E4CE651F2}"
EndProject
Project("{8BC9CEB8-8B4A-11D0-8D11-00A0C91BC942}") = "15-Left-RotateArray", "15-Left-RotateArray\15-Left-RotateArray.vcxproj", "{B40BBC11-93BD-4483-A54D-8750B8CE6B20}"
EndProject
Project("{8BC9CEB8-8B4A-11D0-8D11-00A0C91BC942}") = "17-ArrayFloatAverage", "17-ArrayFloatAverage\17-ArrayFloatAverage.vcxproj", "{086773DA-5C7F-4367-9BBD-3D8DAD630D3E}"
EndProject
Project("{8BC9CEB8-8B4A-11D0-8D11-00A0C91BC942}") = "18-CountingWords", "CountingWords\CountingWords.vcxproj", "{F3167F2D-2C87-45CA-976F-FB6456DCA6DC}"
EndProject
Project("{8BC9CEB8-8B4A-11D0-8D11-00A0C91BC942}") = "19-EmployeeStructAgain", "19-EmployeeStructAgain\19-EmployeeStructAgain.vcxproj", "{04FF44CC-42E3-42FB-B910-F2EE36D5B629}"
EndProject
Project("{8BC9CEB8-8B4A-11D0-8D11-00A0C91BC942}") = "20-Palindrome", "Palindrome\Palindrome.vcxproj", "{BD1D49F5-27B2-4BC3-BC19-001D1171F741}"
EndProject
Project("{8BC9CEB8-8B4A-11D0-8D11-00A0C91BC942}") = "21-UpperCase", "21-UpperCase\21-UpperCase.vcxproj", "{169116FD-84C1-4E1E-8A9C-15925FFB1BC2}"
EndProject
Project("{8BC9CEB8-8B4A-11D0-8D11-00A0C91BC942}") = "22-SwapFunctionWithReference", "SwapFunctionWithReference\SwapFunctionWithReference.vcxproj", "{F927E7DF-E0B0-44D9-9320-8BFB93F44524}"
EndProject
Project("{8BC9CEB8-8B4A-11D0-8D11-00A0C91BC942}") = "23-MemoryManagement", "23-MemoryManagement\23-MemoryManagement.vcxproj", "{E207A9A6-33BE-4B39-805D-64E91FB23ED5}"
EndProject
Project("{8BC9CEB8-8B4A-11D0-8D11-00A0C91BC942}") = "24-Calculator", "24-Calculator\24-Calculator.vcxproj", "{19A029F6-006D-4DDD-B945-1C3B30219DE9}"
EndProject
Project("{8BC9CEB8-8B4A-11D0-8D11-00A0C91BC942}") = "25-String-Class", "25-String-Class\25-String-Class.vcxproj", "{73665C5E-BC99-48C1-9C09-730A6ED0FFFB}"
EndProject
Project("{8BC9CEB8-8B4A-11D0-8D11-00A0C91BC942}") = "testForMarc", "testForMarc\testForMarc.vcxproj", "{DFF28695-0B10-495B-B968-30B251F5BCB2}"
EndProject
Project("{8BC9CEB8-8B4A-11D0-8D11-00A0C91BC942}") = "26-Vector-Class", "Vector-Class\Vector-Class.vcxproj", "{973E6579-C0D7-4DD1-B792-7147D45A08E5}"
EndProject
Global
	GlobalSection(SolutionConfigurationPlatforms) = preSolution
		Debug|x64 = Debug|x64
		Debug|x86 = Debug|x86
		Release|x64 = Release|x64
		Release|x86 = Release|x86
	EndGlobalSection
	GlobalSection(ProjectConfigurationPlatforms) = postSolution
		{81026C86-6F84-4065-87D6-0C42C8B778BD}.Debug|x64.ActiveCfg = Debug|x64
		{81026C86-6F84-4065-87D6-0C42C8B778BD}.Debug|x64.Build.0 = Debug|x64
		{81026C86-6F84-4065-87D6-0C42C8B778BD}.Debug|x86.ActiveCfg = Debug|Win32
		{81026C86-6F84-4065-87D6-0C42C8B778BD}.Debug|x86.Build.0 = Debug|Win32
		{81026C86-6F84-4065-87D6-0C42C8B778BD}.Release|x64.ActiveCfg = Release|x64
		{81026C86-6F84-4065-87D6-0C42C8B778BD}.Release|x64.Build.0 = Release|x64
		{81026C86-6F84-4065-87D6-0C42C8B778BD}.Release|x86.ActiveCfg = Release|Win32
		{81026C86-6F84-4065-87D6-0C42C8B778BD}.Release|x86.Build.0 = Release|Win32
		{DC3AF6F5-0037-4F71-BF0B-A0FDA020356E}.Debug|x64.ActiveCfg = Debug|x64
		{DC3AF6F5-0037-4F71-BF0B-A0FDA020356E}.Debug|x64.Build.0 = Debug|x64
		{DC3AF6F5-0037-4F71-BF0B-A0FDA020356E}.Debug|x86.ActiveCfg = Debug|Win32
		{DC3AF6F5-0037-4F71-BF0B-A0FDA020356E}.Debug|x86.Build.0 = Debug|Win32
		{DC3AF6F5-0037-4F71-BF0B-A0FDA020356E}.Release|x64.ActiveCfg = Release|x64
		{DC3AF6F5-0037-4F71-BF0B-A0FDA020356E}.Release|x64.Build.0 = Release|x64
		{DC3AF6F5-0037-4F71-BF0B-A0FDA020356E}.Release|x86.ActiveCfg = Release|Win32
		{DC3AF6F5-0037-4F71-BF0B-A0FDA020356E}.Release|x86.Build.0 = Release|Win32
		{A772FEF5-CB0B-411B-9B72-FED9EF2D7AAD}.Debug|x64.ActiveCfg = Debug|x64
		{A772FEF5-CB0B-411B-9B72-FED9EF2D7AAD}.Debug|x64.Build.0 = Debug|x64
		{A772FEF5-CB0B-411B-9B72-FED9EF2D7AAD}.Debug|x86.ActiveCfg = Debug|Win32
		{A772FEF5-CB0B-411B-9B72-FED9EF2D7AAD}.Debug|x86.Build.0 = Debug|Win32
		{A772FEF5-CB0B-411B-9B72-FED9EF2D7AAD}.Release|x64.ActiveCfg = Release|x64
		{A772FEF5-CB0B-411B-9B72-FED9EF2D7AAD}.Release|x64.Build.0 = Release|x64
		{A772FEF5-CB0B-411B-9B72-FED9EF2D7AAD}.Release|x86.ActiveCfg = Release|Win32
		{A772FEF5-CB0B-411B-9B72-FED9EF2D7AAD}.Release|x86.Build.0 = Release|Win32
		{4132BF10-68B8-4D32-88FB-A5D51503F972}.Debug|x64.ActiveCfg = Debug|x64
		{4132BF10-68B8-4D32-88FB-A5D51503F972}.Debug|x64.Build.0 = Debug|x64
		{4132BF10-68B8-4D32-88FB-A5D51503F972}.Debug|x86.ActiveCfg = Debug|Win32
		{4132BF10-68B8-4D32-88FB-A5D51503F972}.Debug|x86.Build.0 = Debug|Win32
		{4132BF10-68B8-4D32-88FB-A5D51503F972}.Release|x64.ActiveCfg = Release|x64
		{4132BF10-68B8-4D32-88FB-A5D51503F972}.Release|x64.Build.0 = Release|x64
		{4132BF10-68B8-4D32-88FB-A5D51503F972}.Release|x86.ActiveCfg = Release|Win32
		{4132BF10-68B8-4D32-88FB-A5D51503F972}.Release|x86.Build.0 = Release|Win32
		{C9C4A4E7-ADAC-4264-A8CB-AE9753FFDCDA}.Debug|x64.ActiveCfg = Debug|x64
		{C9C4A4E7-ADAC-4264-A8CB-AE9753FFDCDA}.Debug|x64.Build.0 = Debug|x64
		{C9C4A4E7-ADAC-4264-A8CB-AE9753FFDCDA}.Debug|x86.ActiveCfg = Debug|Win32
		{C9C4A4E7-ADAC-4264-A8CB-AE9753FFDCDA}.Debug|x86.Build.0 = Debug|Win32
		{C9C4A4E7-ADAC-4264-A8CB-AE9753FFDCDA}.Release|x64.ActiveCfg = Release|x64
		{C9C4A4E7-ADAC-4264-A8CB-AE9753FFDCDA}.Release|x64.Build.0 = Release|x64
		{C9C4A4E7-ADAC-4264-A8CB-AE9753FFDCDA}.Release|x86.ActiveCfg = Release|Win32
		{C9C4A4E7-ADAC-4264-A8CB-AE9753FFDCDA}.Release|x86.Build.0 = Release|Win32
		{85FB05A3-6122-4A69-9582-D8ED2B22E943}.Debug|x64.ActiveCfg = Debug|x64
		{85FB05A3-6122-4A69-9582-D8ED2B22E943}.Debug|x64.Build.0 = Debug|x64
		{85FB05A3-6122-4A69-9582-D8ED2B22E943}.Debug|x86.ActiveCfg = Debug|Win32
		{85FB05A3-6122-4A69-9582-D8ED2B22E943}.Debug|x86.Build.0 = Debug|Win32
		{85FB05A3-6122-4A69-9582-D8ED2B22E943}.Release|x64.ActiveCfg = Release|x64
		{85FB05A3-6122-4A69-9582-D8ED2B22E943}.Release|x64.Build.0 = Release|x64
		{85FB05A3-6122-4A69-9582-D8ED2B22E943}.Release|x86.ActiveCfg = Release|Win32
		{85FB05A3-6122-4A69-9582-D8ED2B22E943}.Release|x86.Build.0 = Release|Win32
		{A70D94E9-8A55-4A11-8F44-EF9FE63DBCE8}.Debug|x64.ActiveCfg = Debug|x64
		{A70D94E9-8A55-4A11-8F44-EF9FE63DBCE8}.Debug|x64.Build.0 = Debug|x64
		{A70D94E9-8A55-4A11-8F44-EF9FE63DBCE8}.Debug|x86.ActiveCfg = Debug|Win32
		{A70D94E9-8A55-4A11-8F44-EF9FE63DBCE8}.Debug|x86.Build.0 = Debug|Win32
		{A70D94E9-8A55-4A11-8F44-EF9FE63DBCE8}.Release|x64.ActiveCfg = Release|x64
		{A70D94E9-8A55-4A11-8F44-EF9FE63DBCE8}.Release|x64.Build.0 = Release|x64
		{A70D94E9-8A55-4A11-8F44-EF9FE63DBCE8}.Release|x86.ActiveCfg = Release|Win32
		{A70D94E9-8A55-4A11-8F44-EF9FE63DBCE8}.Release|x86.Build.0 = Release|Win32
		{FB57FBFA-EE60-46AC-B35A-525A39E87957}.Debug|x64.ActiveCfg = Debug|x64
		{FB57FBFA-EE60-46AC-B35A-525A39E87957}.Debug|x64.Build.0 = Debug|x64
		{FB57FBFA-EE60-46AC-B35A-525A39E87957}.Debug|x86.ActiveCfg = Debug|Win32
		{FB57FBFA-EE60-46AC-B35A-525A39E87957}.Debug|x86.Build.0 = Debug|Win32
		{FB57FBFA-EE60-46AC-B35A-525A39E87957}.Release|x64.ActiveCfg = Release|x64
		{FB57FBFA-EE60-46AC-B35A-525A39E87957}.Release|x64.Build.0 = Release|x64
		{FB57FBFA-EE60-46AC-B35A-525A39E87957}.Release|x86.ActiveCfg = Release|Win32
		{FB57FBFA-EE60-46AC-B35A-525A39E87957}.Release|x86.Build.0 = Release|Win32
		{F2EE6AEC-36DF-42CF-913B-7D083C8D6530}.Debug|x64.ActiveCfg = Debug|x64
		{F2EE6AEC-36DF-42CF-913B-7D083C8D6530}.Debug|x64.Build.0 = Debug|x64
		{F2EE6AEC-36DF-42CF-913B-7D083C8D6530}.Debug|x86.ActiveCfg = Debug|Win32
		{F2EE6AEC-36DF-42CF-913B-7D083C8D6530}.Debug|x86.Build.0 = Debug|Win32
		{F2EE6AEC-36DF-42CF-913B-7D083C8D6530}.Release|x64.ActiveCfg = Release|x64
		{F2EE6AEC-36DF-42CF-913B-7D083C8D6530}.Release|x64.Build.0 = Release|x64
		{F2EE6AEC-36DF-42CF-913B-7D083C8D6530}.Release|x86.ActiveCfg = Release|Win32
		{F2EE6AEC-36DF-42CF-913B-7D083C8D6530}.Release|x86.Build.0 = Release|Win32
		{24F60A31-3165-40AF-A1B2-73C239C92C27}.Debug|x64.ActiveCfg = Debug|x64
		{24F60A31-3165-40AF-A1B2-73C239C92C27}.Debug|x64.Build.0 = Debug|x64
		{24F60A31-3165-40AF-A1B2-73C239C92C27}.Debug|x86.ActiveCfg = Debug|Win32
		{24F60A31-3165-40AF-A1B2-73C239C92C27}.Debug|x86.Build.0 = Debug|Win32
		{24F60A31-3165-40AF-A1B2-73C239C92C27}.Release|x64.ActiveCfg = Release|x64
		{24F60A31-3165-40AF-A1B2-73C239C92C27}.Release|x64.Build.0 = Release|x64
		{24F60A31-3165-40AF-A1B2-73C239C92C27}.Release|x86.ActiveCfg = Release|Win32
		{24F60A31-3165-40AF-A1B2-73C239C92C27}.Release|x86.Build.0 = Release|Win32
		{639BD701-1354-478F-BD6D-6BF540AC6F80}.Debug|x64.ActiveCfg = Debug|x64
		{639BD701-1354-478F-BD6D-6BF540AC6F80}.Debug|x64.Build.0 = Debug|x64
		{639BD701-1354-478F-BD6D-6BF540AC6F80}.Debug|x86.ActiveCfg = Debug|Win32
		{639BD701-1354-478F-BD6D-6BF540AC6F80}.Debug|x86.Build.0 = Debug|Win32
		{639BD701-1354-478F-BD6D-6BF540AC6F80}.Release|x64.ActiveCfg = Release|x64
		{639BD701-1354-478F-BD6D-6BF540AC6F80}.Release|x64.Build.0 = Release|x64
		{639BD701-1354-478F-BD6D-6BF540AC6F80}.Release|x86.ActiveCfg = Release|Win32
		{639BD701-1354-478F-BD6D-6BF540AC6F80}.Release|x86.Build.0 = Release|Win32
		{ADE95FDD-48C7-40C1-AA8E-0494AEFB6795}.Debug|x64.ActiveCfg = Debug|x64
		{ADE95FDD-48C7-40C1-AA8E-0494AEFB6795}.Debug|x64.Build.0 = Debug|x64
		{ADE95FDD-48C7-40C1-AA8E-0494AEFB6795}.Debug|x86.ActiveCfg = Debug|Win32
		{ADE95FDD-48C7-40C1-AA8E-0494AEFB6795}.Debug|x86.Build.0 = Debug|Win32
		{ADE95FDD-48C7-40C1-AA8E-0494AEFB6795}.Release|x64.ActiveCfg = Release|x64
		{ADE95FDD-48C7-40C1-AA8E-0494AEFB6795}.Release|x64.Build.0 = Release|x64
		{ADE95FDD-48C7-40C1-AA8E-0494AEFB6795}.Release|x86.ActiveCfg = Release|Win32
		{ADE95FDD-48C7-40C1-AA8E-0494AEFB6795}.Release|x86.Build.0 = Release|Win32
		{55684F52-CC9C-433C-B86E-1F7E4CE651F2}.Debug|x64.ActiveCfg = Debug|x64
		{55684F52-CC9C-433C-B86E-1F7E4CE651F2}.Debug|x64.Build.0 = Debug|x64
		{55684F52-CC9C-433C-B86E-1F7E4CE651F2}.Debug|x86.ActiveCfg = Debug|Win32
		{55684F52-CC9C-433C-B86E-1F7E4CE651F2}.Debug|x86.Build.0 = Debug|Win32
		{55684F52-CC9C-433C-B86E-1F7E4CE651F2}.Release|x64.ActiveCfg = Release|x64
		{55684F52-CC9C-433C-B86E-1F7E4CE651F2}.Release|x64.Build.0 = Release|x64
		{55684F52-CC9C-433C-B86E-1F7E4CE651F2}.Release|x86.ActiveCfg = Release|Win32
		{55684F52-CC9C-433C-B86E-1F7E4CE651F2}.Release|x86.Build.0 = Release|Win32
		{B40BBC11-93BD-4483-A54D-8750B8CE6B20}.Debug|x64.ActiveCfg = Debug|x64
		{B40BBC11-93BD-4483-A54D-8750B8CE6B20}.Debug|x64.Build.0 = Debug|x64
		{B40BBC11-93BD-4483-A54D-8750B8CE6B20}.Debug|x86.ActiveCfg = Debug|Win32
		{B40BBC11-93BD-4483-A54D-8750B8CE6B20}.Debug|x86.Build.0 = Debug|Win32
		{B40BBC11-93BD-4483-A54D-8750B8CE6B20}.Release|x64.ActiveCfg = Release|x64
		{B40BBC11-93BD-4483-A54D-8750B8CE6B20}.Release|x64.Build.0 = Release|x64
		{B40BBC11-93BD-4483-A54D-8750B8CE6B20}.Release|x86.ActiveCfg = Release|Win32
		{B40BBC11-93BD-4483-A54D-8750B8CE6B20}.Release|x86.Build.0 = Release|Win32
		{086773DA-5C7F-4367-9BBD-3D8DAD630D3E}.Debug|x64.ActiveCfg = Debug|x64
		{086773DA-5C7F-4367-9BBD-3D8DAD630D3E}.Debug|x64.Build.0 = Debug|x64
		{086773DA-5C7F-4367-9BBD-3D8DAD630D3E}.Debug|x86.ActiveCfg = Debug|Win32
		{086773DA-5C7F-4367-9BBD-3D8DAD630D3E}.Debug|x86.Build.0 = Debug|Win32
		{086773DA-5C7F-4367-9BBD-3D8DAD630D3E}.Release|x64.ActiveCfg = Release|x64
		{086773DA-5C7F-4367-9BBD-3D8DAD630D3E}.Release|x64.Build.0 = Release|x64
		{086773DA-5C7F-4367-9BBD-3D8DAD630D3E}.Release|x86.ActiveCfg = Release|Win32
		{086773DA-5C7F-4367-9BBD-3D8DAD630D3E}.Release|x86.Build.0 = Release|Win32
		{F3167F2D-2C87-45CA-976F-FB6456DCA6DC}.Debug|x64.ActiveCfg = Debug|x64
		{F3167F2D-2C87-45CA-976F-FB6456DCA6DC}.Debug|x64.Build.0 = Debug|x64
		{F3167F2D-2C87-45CA-976F-FB6456DCA6DC}.Debug|x86.ActiveCfg = Debug|Win32
		{F3167F2D-2C87-45CA-976F-FB6456DCA6DC}.Debug|x86.Build.0 = Debug|Win32
		{F3167F2D-2C87-45CA-976F-FB6456DCA6DC}.Release|x64.ActiveCfg = Release|x64
		{F3167F2D-2C87-45CA-976F-FB6456DCA6DC}.Release|x64.Build.0 = Release|x64
		{F3167F2D-2C87-45CA-976F-FB6456DCA6DC}.Release|x86.ActiveCfg = Release|Win32
		{F3167F2D-2C87-45CA-976F-FB6456DCA6DC}.Release|x86.Build.0 = Release|Win32
		{04FF44CC-42E3-42FB-B910-F2EE36D5B629}.Debug|x64.ActiveCfg = Debug|x64
		{04FF44CC-42E3-42FB-B910-F2EE36D5B629}.Debug|x64.Build.0 = Debug|x64
		{04FF44CC-42E3-42FB-B910-F2EE36D5B629}.Debug|x86.ActiveCfg = Debug|Win32
		{04FF44CC-42E3-42FB-B910-F2EE36D5B629}.Debug|x86.Build.0 = Debug|Win32
		{04FF44CC-42E3-42FB-B910-F2EE36D5B629}.Release|x64.ActiveCfg = Release|x64
		{04FF44CC-42E3-42FB-B910-F2EE36D5B629}.Release|x64.Build.0 = Release|x64
		{04FF44CC-42E3-42FB-B910-F2EE36D5B629}.Release|x86.ActiveCfg = Release|Win32
		{04FF44CC-42E3-42FB-B910-F2EE36D5B629}.Release|x86.Build.0 = Release|Win32
		{BD1D49F5-27B2-4BC3-BC19-001D1171F741}.Debug|x64.ActiveCfg = Debug|x64
		{BD1D49F5-27B2-4BC3-BC19-001D1171F741}.Debug|x64.Build.0 = Debug|x64
		{BD1D49F5-27B2-4BC3-BC19-001D1171F741}.Debug|x86.ActiveCfg = Debug|Win32
		{BD1D49F5-27B2-4BC3-BC19-001D1171F741}.Debug|x86.Build.0 = Debug|Win32
		{BD1D49F5-27B2-4BC3-BC19-001D1171F741}.Release|x64.ActiveCfg = Release|x64
		{BD1D49F5-27B2-4BC3-BC19-001D1171F741}.Release|x64.Build.0 = Release|x64
		{BD1D49F5-27B2-4BC3-BC19-001D1171F741}.Release|x86.ActiveCfg = Release|Win32
		{BD1D49F5-27B2-4BC3-BC19-001D1171F741}.Release|x86.Build.0 = Release|Win32
		{169116FD-84C1-4E1E-8A9C-15925FFB1BC2}.Debug|x64.ActiveCfg = Debug|x64
		{169116FD-84C1-4E1E-8A9C-15925FFB1BC2}.Debug|x64.Build.0 = Debug|x64
		{169116FD-84C1-4E1E-8A9C-15925FFB1BC2}.Debug|x86.ActiveCfg = Debug|Win32
		{169116FD-84C1-4E1E-8A9C-15925FFB1BC2}.Debug|x86.Build.0 = Debug|Win32
		{169116FD-84C1-4E1E-8A9C-15925FFB1BC2}.Release|x64.ActiveCfg = Release|x64
		{169116FD-84C1-4E1E-8A9C-15925FFB1BC2}.Release|x64.Build.0 = Release|x64
		{169116FD-84C1-4E1E-8A9C-15925FFB1BC2}.Release|x86.ActiveCfg = Release|Win32
		{169116FD-84C1-4E1E-8A9C-15925FFB1BC2}.Release|x86.Build.0 = Release|Win32
		{F927E7DF-E0B0-44D9-9320-8BFB93F44524}.Debug|x64.ActiveCfg = Debug|x64
		{F927E7DF-E0B0-44D9-9320-8BFB93F44524}.Debug|x64.Build.0 = Debug|x64
		{F927E7DF-E0B0-44D9-9320-8BFB93F44524}.Debug|x86.ActiveCfg = Debug|Win32
		{F927E7DF-E0B0-44D9-9320-8BFB93F44524}.Debug|x86.Build.0 = Debug|Win32
		{F927E7DF-E0B0-44D9-9320-8BFB93F44524}.Release|x64.ActiveCfg = Release|x64
		{F927E7DF-E0B0-44D9-9320-8BFB93F44524}.Release|x64.Build.0 = Release|x64
		{F927E7DF-E0B0-44D9-9320-8BFB93F44524}.Release|x86.ActiveCfg = Release|Win32
		{F927E7DF-E0B0-44D9-9320-8BFB93F44524}.Release|x86.Build.0 = Release|Win32
		{E207A9A6-33BE-4B39-805D-64E91FB23ED5}.Debug|x64.ActiveCfg = Debug|x64
		{E207A9A6-33BE-4B39-805D-64E91FB23ED5}.Debug|x64.Build.0 = Debug|x64
		{E207A9A6-33BE-4B39-805D-64E91FB23ED5}.Debug|x86.ActiveCfg = Debug|Win32
		{E207A9A6-33BE-4B39-805D-64E91FB23ED5}.Debug|x86.Build.0 = Debug|Win32
		{E207A9A6-33BE-4B39-805D-64E91FB23ED5}.Release|x64.ActiveCfg = Release|x64
		{E207A9A6-33BE-4B39-805D-64E91FB23ED5}.Release|x64.Build.0 = Release|x64
		{E207A9A6-33BE-4B39-805D-64E91FB23ED5}.Release|x86.ActiveCfg = Release|Win32
		{E207A9A6-33BE-4B39-805D-64E91FB23ED5}.Release|x86.Build.0 = Release|Win32
		{19A029F6-006D-4DDD-B945-1C3B30219DE9}.Debug|x64.ActiveCfg = Debug|x64
		{19A029F6-006D-4DDD-B945-1C3B30219DE9}.Debug|x64.Build.0 = Debug|x64
		{19A029F6-006D-4DDD-B945-1C3B30219DE9}.Debug|x86.ActiveCfg = Debug|Win32
		{19A029F6-006D-4DDD-B945-1C3B30219DE9}.Debug|x86.Build.0 = Debug|Win32
		{19A029F6-006D-4DDD-B945-1C3B30219DE9}.Release|x64.ActiveCfg = Release|x64
		{19A029F6-006D-4DDD-B945-1C3B30219DE9}.Release|x64.Build.0 = Release|x64
		{19A029F6-006D-4DDD-B945-1C3B30219DE9}.Release|x86.ActiveCfg = Release|Win32
		{19A029F6-006D-4DDD-B945-1C3B30219DE9}.Release|x86.Build.0 = Release|Win32
		{73665C5E-BC99-48C1-9C09-730A6ED0FFFB}.Debug|x64.ActiveCfg = Debug|x64
		{73665C5E-BC99-48C1-9C09-730A6ED0FFFB}.Debug|x64.Build.0 = Debug|x64
		{73665C5E-BC99-48C1-9C09-730A6ED0FFFB}.Debug|x86.ActiveCfg = Debug|Win32
		{73665C5E-BC99-48C1-9C09-730A6ED0FFFB}.Debug|x86.Build.0 = Debug|Win32
		{73665C5E-BC99-48C1-9C09-730A6ED0FFFB}.Release|x64.ActiveCfg = Release|x64
		{73665C5E-BC99-48C1-9C09-730A6ED0FFFB}.Release|x64.Build.0 = Release|x64
		{73665C5E-BC99-48C1-9C09-730A6ED0FFFB}.Release|x86.ActiveCfg = Release|Win32
		{73665C5E-BC99-48C1-9C09-730A6ED0FFFB}.Release|x86.Build.0 = Release|Win32
		{DFF28695-0B10-495B-B968-30B251F5BCB2}.Debug|x64.ActiveCfg = Debug|x64
		{DFF28695-0B10-495B-B968-30B251F5BCB2}.Debug|x64.Build.0 = Debug|x64
		{DFF28695-0B10-495B-B968-30B251F5BCB2}.Debug|x86.ActiveCfg = Debug|Win32
		{DFF28695-0B10-495B-B968-30B251F5BCB2}.Debug|x86.Build.0 = Debug|Win32
		{DFF28695-0B10-495B-B968-30B251F5BCB2}.Release|x64.ActiveCfg = Release|x64
		{DFF28695-0B10-495B-B968-30B251F5BCB2}.Release|x64.Build.0 = Release|x64
		{DFF28695-0B10-495B-B968-30B251F5BCB2}.Release|x86.ActiveCfg = Release|Win32
		{DFF28695-0B10-495B-B968-30B251F5BCB2}.Release|x86.Build.0 = Release|Win32
		{973E6579-C0D7-4DD1-B792-7147D45A08E5}.Debug|x64.ActiveCfg = Debug|x64
		{973E6579-C0D7-4DD1-B792-7147D45A08E5}.Debug|x64.Build.0 = Debug|x64
		{973E6579-C0D7-4DD1-B792-7147D45A08E5}.Debug|x86.ActiveCfg = Debug|Win32
		{973E6579-C0D7-4DD1-B792-7147D45A08E5}.Debug|x86.Build.0 = Debug|Win32
		{973E6579-C0D7-4DD1-B792-7147D45A08E5}.Release|x64.ActiveCfg = Release|x64
		{973E6579-C0D7-4DD1-B792-7147D45A08E5}.Release|x64.Build.0 = Release|x64
		{973E6579-C0D7-4DD1-B792-7147D45A08E5}.Release|x86.ActiveCfg = Release|Win32
		{973E6579-C0D7-4DD1-B792-7147D45A08E5}.Release|x86.Build.0 = Release|Win32
	EndGlobalSection
	GlobalSection(SolutionProperties) = preSolution
		HideSolutionNode = FALSE
	EndGlobalSection
	GlobalSection(ExtensibilityGlobals) = postSolution
		SolutionGuid = {C17467FD-9DF1-4C01-A2CD-9CCED90F7236}
	EndGlobalSection
EndGlobal
